// !$*UTF8*$!
{
	archiveVersion = 1;
	classes = {
	};
	objectVersion = 46;
	objects = {

/* Begin PBXBuildFile section */
		4DC674741EC9D2C500954E0E /* AppDelegate.swift in Sources */ = {isa = PBXBuildFile; fileRef = 4DC674731EC9D2C500954E0E /* AppDelegate.swift */; };
		4DC674761EC9D2C500954E0E /* ListViewController.swift in Sources */ = {isa = PBXBuildFile; fileRef = 4DC674751EC9D2C500954E0E /* ListViewController.swift */; };
		4DC674791EC9D2C500954E0E /* Main.storyboard in Resources */ = {isa = PBXBuildFile; fileRef = 4DC674771EC9D2C500954E0E /* Main.storyboard */; };
		4DC6747C1EC9D2C500954E0E /* VinylCollection.xcdatamodeld in Sources */ = {isa = PBXBuildFile; fileRef = 4DC6747A1EC9D2C500954E0E /* VinylCollection.xcdatamodeld */; };
		4DC6747E1EC9D2C500954E0E /* Assets.xcassets in Resources */ = {isa = PBXBuildFile; fileRef = 4DC6747D1EC9D2C500954E0E /* Assets.xcassets */; };
		4DC674811EC9D2C500954E0E /* LaunchScreen.storyboard in Resources */ = {isa = PBXBuildFile; fileRef = 4DC6747F1EC9D2C500954E0E /* LaunchScreen.storyboard */; };
		4DC674891EC9DADA00954E0E /* AddViewController.swift in Sources */ = {isa = PBXBuildFile; fileRef = 4DC674881EC9DADA00954E0E /* AddViewController.swift */; };
/* End PBXBuildFile section */

/* Begin PBXFileReference section */
		4DC674701EC9D2C500954E0E /* VinylCollection.app */ = {isa = PBXFileReference; explicitFileType = wrapper.application; includeInIndex = 0; path = VinylCollection.app; sourceTree = BUILT_PRODUCTS_DIR; };
		4DC674731EC9D2C500954E0E /* AppDelegate.swift */ = {isa = PBXFileReference; lastKnownFileType = sourcecode.swift; path = AppDelegate.swift; sourceTree = "<group>"; };
		4DC674751EC9D2C500954E0E /* ListViewController.swift */ = {isa = PBXFileReference; lastKnownFileType = sourcecode.swift; path = ListViewController.swift; sourceTree = "<group>"; };
		4DC674781EC9D2C500954E0E /* Base */ = {isa = PBXFileReference; lastKnownFileType = file.storyboard; name = Base; path = Base.lproj/Main.storyboard; sourceTree = "<group>"; };
		4DC6747B1EC9D2C500954E0E /* VinylCollection.xcdatamodel */ = {isa = PBXFileReference; lastKnownFileType = wrapper.xcdatamodel; path = VinylCollection.xcdatamodel; sourceTree = "<group>"; };
		4DC6747D1EC9D2C500954E0E /* Assets.xcassets */ = {isa = PBXFileReference; lastKnownFileType = folder.assetcatalog; path = Assets.xcassets; sourceTree = "<group>"; };
		4DC674801EC9D2C500954E0E /* Base */ = {isa = PBXFileReference; lastKnownFileType = file.storyboard; name = Base; path = Base.lproj/LaunchScreen.storyboard; sourceTree = "<group>"; };
		4DC674821EC9D2C500954E0E /* Info.plist */ = {isa = PBXFileReference; lastKnownFileType = text.plist.xml; path = Info.plist; sourceTree = "<group>"; };
		4DC674881EC9DADA00954E0E /* AddViewController.swift */ = {isa = PBXFileReference; fileEncoding = 4; lastKnownFileType = sourcecode.swift; path = AddViewController.swift; sourceTree = "<group>"; };
/* End PBXFileReference section */

/* Begin PBXFrameworksBuildPhase section */
		4DC6746D1EC9D2C500954E0E /* Frameworks */ = {
			isa = PBXFrameworksBuildPhase;
			buildActionMask = 2147483647;
			files = (
			);
			runOnlyForDeploymentPostprocessing = 0;
		};
/* End PBXFrameworksBuildPhase section */

/* Begin PBXGroup section */
		4DC674671EC9D2C500954E0E = {
			isa = PBXGroup;
			children = (
				4DC674721EC9D2C500954E0E /* VinylCollection */,
				4DC674711EC9D2C500954E0E /* Products */,
			);
			sourceTree = "<group>";
		};
		4DC674711EC9D2C500954E0E /* Products */ = {
			isa = PBXGroup;
			children = (
				4DC674701EC9D2C500954E0E /* VinylCollection.app */,
			);
			name = Products;
			sourceTree = "<group>";
		};
		4DC674721EC9D2C500954E0E /* VinylCollection */ = {
			isa = PBXGroup;
			children = (
				4DC674731EC9D2C500954E0E /* AppDelegate.swift */,
				4DC674751EC9D2C500954E0E /* ListViewController.swift */,
				4DC674771EC9D2C500954E0E /* Main.storyboard */,
				4DC674881EC9DADA00954E0E /* AddViewController.swift */,
				4DC6747D1EC9D2C500954E0E /* Assets.xcassets */,
				4DC6747F1EC9D2C500954E0E /* LaunchScreen.storyboard */,
				4DC674821EC9D2C500954E0E /* Info.plist */,
				4DC6747A1EC9D2C500954E0E /* VinylCollection.xcdatamodeld */,
			);
			path = VinylCollection;
			sourceTree = "<group>";
		};
/* End PBXGroup section */

/* Begin PBXNativeTarget section */
		4DC6746F1EC9D2C500954E0E /* VinylCollection */ = {
			isa = PBXNativeTarget;
			buildConfigurationList = 4DC674851EC9D2C500954E0E /* Build configuration list for PBXNativeTarget "VinylCollection" */;
			buildPhases = (
				4DC6746C1EC9D2C500954E0E /* Sources */,
				4DC6746D1EC9D2C500954E0E /* Frameworks */,
				4DC6746E1EC9D2C500954E0E /* Resources */,
			);
			buildRules = (
			);
			dependencies = (
			);
			name = VinylCollection;
			productName = VinylCollection;
			productReference = 4DC674701EC9D2C500954E0E /* VinylCollection.app */;
			productType = "com.apple.product-type.application";
		};
/* End PBXNativeTarget section */

/* Begin PBXProject section */
		4DC674681EC9D2C500954E0E /* Project object */ = {
			isa = PBXProject;
			attributes = {
				LastSwiftUpdateCheck = 0830;
				LastUpgradeCheck = 0830;
				ORGANIZATIONNAME = "Tom de Visser";
				TargetAttributes = {
					4DC6746F1EC9D2C500954E0E = {
						CreatedOnToolsVersion = 8.3.2;
						DevelopmentTeam = 5UQ4U2EPV2;
						ProvisioningStyle = Automatic;
					};
				};
			};
			buildConfigurationList = 4DC6746B1EC9D2C500954E0E /* Build configuration list for PBXProject "VinylCollection" */;
			compatibilityVersion = "Xcode 3.2";
			developmentRegion = English;
			hasScannedForEncodings = 0;
			knownRegions = (
				en,
				Base,
			);
			mainGroup = 4DC674671EC9D2C500954E0E;
			productRefGroup = 4DC674711EC9D2C500954E0E /* Products */;
			projectDirPath = "";
			projectRoot = "";
			targets = (
				4DC6746F1EC9D2C500954E0E /* VinylCollection */,
			);
		};
/* End PBXProject section */

/* Begin PBXResourcesBuildPhase section */
		4DC6746E1EC9D2C500954E0E /* Resources */ = {
			isa = PBXResourcesBuildPhase;
			buildActionMask = 2147483647;
			files = (
				4DC674811EC9D2C500954E0E /* LaunchScreen.storyboard in Resources */,
				4DC6747E1EC9D2C500954E0E /* Assets.xcassets in Resources */,
				4DC674791EC9D2C500954E0E /* Main.storyboard in Resources */,
			);
			runOnlyForDeploymentPostprocessing = 0;
		};
/* End PBXResourcesBuildPhase section */

/* Begin PBXSourcesBuildPhase section */
		4DC6746C1EC9D2C500954E0E /* Sources */ = {
			isa = PBXSourcesBuildPhase;
			buildActionMask = 2147483647;
			files = (
				4DC6747C1EC9D2C500954E0E /* VinylCollection.xcdatamodeld in Sources */,
				4DC674761EC9D2C500954E0E /* ListViewController.swift in Sources */,
				4DC674891EC9DADA00954E0E /* AddViewController.swift in Sources */,
				4DC674741EC9D2C500954E0E /* AppDelegate.swift in Sources */,
			);
			runOnlyForDeploymentPostprocessing = 0;
		};
/* End PBXSourcesBuildPhase section */

/* Begin PBXVariantGroup section */
		4DC674771EC9D2C500954E0E /* Main.storyboard */ = {
			isa = PBXVariantGroup;
			children = (
				4DC674781EC9D2C500954E0E /* Base */,
			);
			name = Main.storyboard;
			sourceTree = "<group>";
		};
		4DC6747F1EC9D2C500954E0E /* LaunchScreen.storyboard */ = {
			isa = PBXVariantGroup;
			children = (
				4DC674801EC9D2C500954E0E /* Base */,
			);
			name = LaunchScreen.storyboard;
			sourceTree = "<group>";
		};
/* End PBXVariantGroup section */

/* Begin XCBuildConfiguration section */
		4DC674831EC9D2C500954E0E /* Debug */ = {
			isa = XCBuildConfiguration;
			buildSettings = {
				ALWAYS_SEARCH_USER_PATHS = NO;
				CLANG_ANALYZER_NONNULL = YES;
				CLANG_ANALYZER_NUMBER_OBJECT_CONVERSION = YES_AGGRESSIVE;
				CLANG_CXX_LANGUAGE_STANDARD = "gnu++0x";
				CLANG_CXX_LIBRARY = "libc++";
				CLANG_ENABLE_MODULES = YES;
				CLANG_ENABLE_OBJC_ARC = YES;
				CLANG_WARN_BOOL_CONVERSION = YES;
				CLANG_WARN_CONSTANT_CONVERSION = YES;
				CLANG_WARN_DIRECT_OBJC_ISA_USAGE = YES_ERROR;
				CLANG_WARN_DOCUMENTATION_COMMENTS = YES;
				CLANG_WARN_EMPTY_BODY = YES;
				CLANG_WARN_ENUM_CONVERSION = YES;
				CLANG_WARN_INFINITE_RECURSION = YES;
				CLANG_WARN_INT_CONVERSION = YES;
				CLANG_WARN_OBJC_ROOT_CLASS = YES_ERROR;
				CLANG_WARN_SUSPICIOUS_MOVE = YES;
				CLANG_WARN_UNREACHABLE_CODE = YES;
				CLANG_WARN__DUPLICATE_METHOD_MATCH = YES;
				"CODE_SIGN_IDENTITY[sdk=iphoneos*]" = "iPhone Developer";
				COPY_PHASE_STRIP = NO;
				DEBUG_INFORMATION_FORMAT = dwarf;
				ENABLE_STRICT_OBJC_MSGSEND = YES;
				ENABLE_TESTABILITY = YES;
				GCC_C_LANGUAGE_STANDARD = gnu99;
				GCC_DYNAMIC_NO_PIC = NO;
				GCC_NO_COMMON_BLOCKS = YES;
				GCC_OPTIMIZATION_LEVEL = 0;
				GCC_PREPROCESSOR_DEFINITIONS = (
					"DEBUG=1",
					"$(inherited)",
				);
				GCC_WARN_64_TO_32_BIT_CONVERSION = YES;
				GCC_WARN_ABOUT_RETURN_TYPE = YES_ERROR;
				GCC_WARN_UNDECLARED_SELECTOR = YES;
				GCC_WARN_UNINITIALIZED_AUTOS = YES_AGGRESSIVE;
				GCC_WARN_UNUSED_FUNCTION = YES;
				GCC_WARN_UNUSED_VARIABLE = YES;
				IPHONEOS_DEPLOYMENT_TARGET = 10.3;
				MTL_ENABLE_DEBUG_INFO = YES;
				ONLY_ACTIVE_ARCH = YES;
				SDKROOT = iphoneos;
				SWIFT_ACTIVE_COMPILATION_CONDITIONS = DEBUG;
				SWIFT_OPTIMIZATION_LEVEL = "-Onone";
			};
			name = Debug;
		};
		4DC674841EC9D2C500954E0E /* Release */ = {
			isa = XCBuildConfiguration;
			buildSettings = {
				ALWAYS_SEARCH_USER_PATHS = NO;
				CLANG_ANALYZER_NONNULL = YES;
				CLANG_ANALYZER_NUMBER_OBJECT_CONVERSION = YES_AGGRESSIVE;
				CLANG_CXX_LANGUAGE_STANDARD = "gnu++0x";
				CLANG_CXX_LIBRARY = "libc++";
				CLANG_ENABLE_MODULES = YES;
				CLANG_ENABLE_OBJC_ARC = YES;
				CLANG_WARN_BOOL_CONVERSION = YES;
				CLANG_WARN_CONSTANT_CONVERSION = YES;
				CLANG_WARN_DIRECT_OBJC_ISA_USAGE = YES_ERROR;
				CLANG_WARN_DOCUMENTATION_COMMENTS = YES;
				CLANG_WARN_EMPTY_BODY = YES;
				CLANG_WARN_ENUM_CONVERSION = YES;
				CLANG_WARN_INFINITE_RECURSION = YES;
				CLANG_WARN_INT_CONVERSION = YES;
				CLANG_WARN_OBJC_ROOT_CLASS = YES_ERROR;
				CLANG_WARN_SUSPICIOUS_MOVE = YES;
				CLANG_WARN_UNREACHABLE_CODE = YES;
				CLANG_WARN__DUPLICATE_METHOD_MATCH = YES;
				"CODE_SIGN_IDENTITY[sdk=iphoneos*]" = "iPhone Developer";
				COPY_PHASE_STRIP = NO;
				DEBUG_INFORMATION_FORMAT = "dwarf-with-dsym";
				ENABLE_NS_ASSERTIONS = NO;
				ENABLE_STRICT_OBJC_MSGSEND = YES;
				GCC_C_LANGUAGE_STANDARD = gnu99;
				GCC_NO_COMMON_BLOCKS = YES;
				GCC_WARN_64_TO_32_BIT_CONVERSION = YES;
				GCC_WARN_ABOUT_RETURN_TYPE = YES_ERROR;
				GCC_WARN_UNDECLARED_SELECTOR = YES;
				GCC_WARN_UNINITIALIZED_AUTOS = YES_AGGRESSIVE;
				GCC_WARN_UNUSED_FUNCTION = YES;
				GCC_WARN_UNUSED_VARIABLE = YES;
				IPHONEOS_DEPLOYMENT_TARGET = 10.3;
				MTL_ENABLE_DEBUG_INFO = NO;
				SDKROOT = iphoneos;
				SWIFT_OPTIMIZATION_LEVEL = "-Owholemodule";
				VALIDATE_PRODUCT = YES;
			};
			name = Release;
		};
		4DC674861EC9D2C500954E0E /* Debug */ = {
			isa = XCBuildConfiguration;
			buildSettings = {
				ASSETCATALOG_COMPILER_APPICON_NAME = AppIcon;
				DEVELOPMENT_TEAM = 5UQ4U2EPV2;
				INFOPLIST_FILE = VinylCollection/Info.plist;
				LD_RUNPATH_SEARCH_PATHS = "$(inherited) @executable_path/Frameworks";
				PRODUCT_BUNDLE_IDENTIFIER = com.tomsapps.VinylCollection;
				PRODUCT_NAME = "$(TARGET_NAME)";
				SWIFT_VERSION = 3.0;
			};
			name = Debug;
		};
		4DC674871EC9D2C500954E0E /* Release */ = {
			isa = XCBuildConfiguration;
			buildSettings = {
				ASSETCATALOG_COMPILER_APPICON_NAME = AppIcon;
				DEVELOPMENT_TEAM = 5UQ4U2EPV2;
				INFOPLIST_FILE = VinylCollection/Info.plist;
				LD_RUNPATH_SEARCH_PATHS = "$(inherited) @executable_path/Frameworks";
				PRODUCT_BUNDLE_IDENTIFIER = com.tomsapps.VinylCollection;
				PRODUCT_NAME = "$(TARGET_NAME)";
				SWIFT_VERSION = 3.0;
			};
			name = Release;
		};
/* End XCBuildConfiguration section */

/* Begin XCConfigurationList section */
		4DC6746B1EC9D2C500954E0E /* Build configuration list for PBXProject "VinylCollection" */ = {
			isa = XCConfigurationList;
			buildConfigurations = (
				4DC674831EC9D2C500954E0E /* Debug */,
				4DC674841EC9D2C500954E0E /* Release */,
			);
			defaultConfigurationIsVisible = 0;
			defaultConfigurationName = Release;
		};
		4DC674851EC9D2C500954E0E /* Build configuration list for PBXNativeTarget "VinylCollection" */ = {
			isa = XCConfigurationList;
			buildConfigurations = (
				4DC674861EC9D2C500954E0E /* Debug */,
				4DC674871EC9D2C500954E0E /* Release */,
			);
			defaultConfigurationIsVisible = 0;
		};
/* End XCConfigurationList section */

/* Begin XCVersionGroup section */
		4DC6747A1EC9D2C500954E0E /* VinylCollection.xcdatamodeld */ = {
			isa = XCVersionGroup;
			children = (
				4DC6747B1EC9D2C500954E0E /* VinylCollection.xcdatamodel */,
			);
			currentVersion = 4DC6747B1EC9D2C500954E0E /* VinylCollection.xcdatamodel */;
			path = VinylCollection.xcdatamodeld;
			sourceTree = "<group>";
			versionGroupType = wrapper.xcdatamodel;
		};
/* End XCVersionGroup section */
	};
	rootObject = 4DC674681EC9D2C500954E0E /* Project object */;
}
